# TinkerGraph 3.7.7 runtime closure (the line JanusGraph 1.x builds on), resolved
# once with `mvn dependency:copy-dependencies` and pinned here. fetch-deps.sh
# downloads each jar from Maven Central and refuses any checksum mismatch.
# Format: groupId:artifactId:version sha256
com.carrotsearch:hppc:0.7.1 40d2a57f59e9eae7b018d3b4841954087ee40a5c1db6a54c3ea87742e3890391
com.squareup:javapoet:1.13.0 4c7517e848a71b36d069d12bb3bf46a70fd4cda3105d822b0ed2e19c00b69291
commons-beanutils:commons-beanutils:1.11.0 9e44ba68ec9a3f21286fa2a8bbb003b735c0f69101bb43144b79f4f8aaa74709
commons-collections:commons-collections:3.2.2 eeeae917917144a68a741d4c0dff66aa5c5c5fd85593ff217bced3fc8ca783b8
commons-io:commons-io:2.22.0 2b9a7b1f726fb86216dbd2c8321eabe0221dbd5b1be81c18e1cb53811b104758
net.objecthunter:exp4j:0.4.8 271f7824ee8a3468257bc0613afdabb67597af8389317643fa806b983b7ecb27
org.antlr:antlr4-runtime:4.9.1 a80502c3140ae7acfbb1f57847c8eb1c101461a969215ec38c3f1ebdff61ac29
org.apache.commons:commons-configuration2:2.15.1 61ba5eaab8a17087042fe3d6811573bb85ccbdd6bd9d21ad464e6e20559dd1e8
org.apache.commons:commons-lang3:3.20.0 69e5c9fa35da7a51a5fd2099dfe56a2d8d32cf233e2f6d770e796146440263f4
org.apache.commons:commons-text:1.15.0 58d2da30f058512a1e7f914e39241deca4dff5c27a085b4ed2faa9e7208067f6
org.apache.tinkerpop:gremlin-core:3.7.7 71cb32443cbdd9f925083be676a436c5ee8d14c097e71bd9fd73fd0a92d47bc8
org.apache.tinkerpop:gremlin-language:3.7.7 44a1a80c046bc9a2b7832751039861ab5e69fe582d7564fde5c016ee6cb3724b
org.apache.tinkerpop:gremlin-shaded:3.7.7 ed55f024b149cd34f8be54dd8b7d09df8ab56c3d1c1225d3ca9b2af569d392a1
org.apache.tinkerpop:tinkergraph-gremlin:3.7.7 05648d37f7e1c11b16440033307b984aa1541fd75a26c15c95d8d7203c77ebcc
org.javatuples:javatuples:1.2 2eda5b19d9820e1cc2f69fcd01639a715a673c11f8507e3d1ed593cf765d5e0a
org.slf4j:jcl-over-slf4j:1.7.25 5e938457e79efcbfb3ab64bc29c43ec6c3b95fffcda3c155f4a86cc320c11e14
org.slf4j:slf4j-api:1.7.36 d3ef575e3e4979678dc01bf1dcce51021493b4d11fb7f1be8ad982877c16a1c0
org.slf4j:slf4j-nop:1.7.36 c214958b07816cb4412b30c7bdbd4308ffdc6ba2a83767b8f3a9229cbd9274d6
org.yaml:snakeyaml:2.0 880c9d896e4b74a06c549c15ca496450165d6909fa15d7e662bee8f6a66d7afa
